// !$*UTF8*$!
{ archiveVersion = 1; classes = {}; objectVersion = 56; objects = {
78F27CCBF5BC59C7FCB998A6 = {isa = PBXFileReference; lastKnownFileType = sourcecode.swift; path = "App/ValidationApp.swift"; sourceTree = SOURCE_ROOT; };
EB7152C5C6152299715D97D8 = {isa = PBXBuildFile; fileRef = 78F27CCBF5BC59C7FCB998A6; };
8C57CAAB4320D5F5A3972F42 = {isa = PBXFileReference; lastKnownFileType = sourcecode.swift; path = "Sources/ValidationCore/BackupRestore.swift"; sourceTree = SOURCE_ROOT; };
90C84695E55D8347EC0ABF25 = {isa = PBXBuildFile; fileRef = 8C57CAAB4320D5F5A3972F42; };
2E60FF7AB60D232933743EAB = {isa = PBXFileReference; lastKnownFileType = sourcecode.swift; path = "Sources/ValidationCore/CandidateSchema.swift"; sourceTree = SOURCE_ROOT; };
4C1EED7753547A4F3615600E = {isa = PBXBuildFile; fileRef = 2E60FF7AB60D232933743EAB; };
C87B72C0E59BDBED17D525D6 = {isa = PBXFileReference; lastKnownFileType = sourcecode.swift; path = "Sources/ValidationCore/CloudAdapter.swift"; sourceTree = SOURCE_ROOT; };
FA64E2DB878855F1475FF922 = {isa = PBXBuildFile; fileRef = C87B72C0E59BDBED17D525D6; };
AB8635B040F542A7EE1906C8 = {isa = PBXFileReference; lastKnownFileType = sourcecode.swift; path = "Sources/ValidationCore/Legacy/LegacyTypes.swift"; sourceTree = SOURCE_ROOT; };
CE71AF008DF4F384E0DA5101 = {isa = PBXBuildFile; fileRef = AB8635B040F542A7EE1906C8; };
82716FDABAAD0531A93FBFAD = {isa = PBXFileReference; lastKnownFileType = sourcecode.swift; path = "Sources/ValidationCore/Legacy/PersistenceController.swift"; sourceTree = SOURCE_ROOT; };
E5E876CAFC5511B95425E7BC = {isa = PBXBuildFile; fileRef = 82716FDABAAD0531A93FBFAD; };
565CEE3BBE3CAFCCA494D1A9 = {isa = PBXFileReference; lastKnownFileType = sourcecode.swift; path = "Sources/ValidationCore/Legacy/PersistenceModels.swift"; sourceTree = SOURCE_ROOT; };
D7647B44D85B70AA82AE03D9 = {isa = PBXBuildFile; fileRef = 565CEE3BBE3CAFCCA494D1A9; };
0B4FF3545DE0298CF697514B = {isa = PBXFileReference; lastKnownFileType = sourcecode.swift; path = "Sources/ValidationCore/LegacyFixture.swift"; sourceTree = SOURCE_ROOT; };
9EC25F0893678E5288C6997C = {isa = PBXBuildFile; fileRef = 0B4FF3545DE0298CF697514B; };
336D4B54EDD44CCAC97A47EF = {isa = PBXFileReference; lastKnownFileType = sourcecode.swift; path = "Sources/ValidationCore/LocalChain.swift"; sourceTree = SOURCE_ROOT; };
4792143F91540AAFE31F724B = {isa = PBXBuildFile; fileRef = 336D4B54EDD44CCAC97A47EF; };
469EBB47BFF8F24973360E3B = {isa = PBXFileReference; lastKnownFileType = sourcecode.swift; path = "Sources/ValidationCore/MediaFiles.swift"; sourceTree = SOURCE_ROOT; };
36319F8D2EEAAC6B6B29E16C = {isa = PBXBuildFile; fileRef = 469EBB47BFF8F24973360E3B; };
DC8ED928A7DC63DBB829BA12 = {isa = PBXFileReference; lastKnownFileType = sourcecode.swift; path = "Sources/ValidationCore/PhotosAdapter.swift"; sourceTree = SOURCE_ROOT; };
1B0415919A91DD641BF0F499 = {isa = PBXBuildFile; fileRef = DC8ED928A7DC63DBB829BA12; };
29044C1BDCA9CFDCEBEF3011 = {isa = PBXFileReference; lastKnownFileType = sourcecode.swift; path = "Sources/ValidationCore/SyncProtocol.swift"; sourceTree = SOURCE_ROOT; };
B80B78D02AA3EF4C8D472595 = {isa = PBXBuildFile; fileRef = 29044C1BDCA9CFDCEBEF3011; };
AD936FCBED631FA67E05C3EA = {isa = PBXGroup; children = (78F27CCBF5BC59C7FCB998A6,8C57CAAB4320D5F5A3972F42,2E60FF7AB60D232933743EAB,C87B72C0E59BDBED17D525D6,AB8635B040F542A7EE1906C8,82716FDABAAD0531A93FBFAD,565CEE3BBE3CAFCCA494D1A9,0B4FF3545DE0298CF697514B,336D4B54EDD44CCAC97A47EF,469EBB47BFF8F24973360E3B,DC8ED928A7DC63DBB829BA12,29044C1BDCA9CFDCEBEF3011,A8792157CB4F27FB949C035F,); sourceTree = "<group>"; };
A8792157CB4F27FB949C035F = {isa = PBXFileReference; explicitFileType = wrapper.application; path = FoundationValidation.app; sourceTree = BUILT_PRODUCTS_DIR; };
878A52FC5FF6A57D50B7B870 = {isa = PBXSourcesBuildPhase; buildActionMask = 2147483647; files = (EB7152C5C6152299715D97D8,90C84695E55D8347EC0ABF25,4C1EED7753547A4F3615600E,FA64E2DB878855F1475FF922,CE71AF008DF4F384E0DA5101,E5E876CAFC5511B95425E7BC,D7647B44D85B70AA82AE03D9,9EC25F0893678E5288C6997C,4792143F91540AAFE31F724B,36319F8D2EEAAC6B6B29E16C,1B0415919A91DD641BF0F499,B80B78D02AA3EF4C8D472595,); runOnlyForDeploymentPostprocessing = 0; };
E2AA269EB967A8853A258BFA = {isa = PBXFrameworksBuildPhase; buildActionMask = 2147483647; files = (); runOnlyForDeploymentPostprocessing = 0; };
41D311A605520FC7B8B9A980 = {isa = PBXResourcesBuildPhase; buildActionMask = 2147483647; files = (); runOnlyForDeploymentPostprocessing = 0; };
34A04005BCAF206EEC990BD9 = {isa = PBXNativeTarget; buildConfigurationList = 4BF34093AEFA68795DFBCC0D; buildPhases = (878A52FC5FF6A57D50B7B870,E2AA269EB967A8853A258BFA,41D311A605520FC7B8B9A980,); buildRules = (); dependencies = (); name = FoundationValidation; productName = FoundationValidation; productReference = A8792157CB4F27FB949C035F; productType = "com.apple.product-type.application"; };
244210E48437B6556980A702 = {isa = PBXProject; attributes = {LastUpgradeCheck = 2600; }; buildConfigurationList = CD7C985718C27B30B80E0BF9; compatibilityVersion = "Xcode 14.0"; developmentRegion = en; knownRegions = (en,Base,); mainGroup = AD936FCBED631FA67E05C3EA; projectDirPath = ""; projectRoot = ""; targets = (34A04005BCAF206EEC990BD9,); };
73EBF6644258C120893E685D = {isa = XCBuildConfiguration; buildSettings = {SWIFT_VERSION = "6.0";IPHONEOS_DEPLOYMENT_TARGET = "17.0";SDKROOT = "iphoneos";CLANG_ENABLE_MODULES = "YES";SWIFT_OPTIMIZATION_LEVEL = "-Onone";}; name = Debug; };
0B0C687DF8B6B8DC790B519C = {isa = XCBuildConfiguration; buildSettings = {SWIFT_VERSION = "6.0";IPHONEOS_DEPLOYMENT_TARGET = "17.0";SDKROOT = "iphoneos";CLANG_ENABLE_MODULES = "YES";SWIFT_OPTIMIZATION_LEVEL = "-O";}; name = Release; };
CD7C985718C27B30B80E0BF9 = {isa = XCConfigurationList; buildConfigurations = (73EBF6644258C120893E685D,0B0C687DF8B6B8DC790B519C,); defaultConfigurationIsVisible = 0; defaultConfigurationName = Debug; };
6C7EFF6369083C8E1F2B1994 = {isa = XCBuildConfiguration; buildSettings = {PRODUCT_BUNDLE_IDENTIFIER = "com.yocruzer.householdos.foundationvalidation";PRODUCT_NAME = "FoundationValidation";INFOPLIST_FILE = "App/Info.plist";TARGETED_DEVICE_FAMILY = "1,2";CODE_SIGN_STYLE = "Manual";GENERATE_INFOPLIST_FILE = "NO";SUPPORTED_PLATFORMS = "iphoneos iphonesimulator";SWIFT_EMIT_LOC_STRINGS = "NO";}; name = Debug; };
DD75E2CB1C510A828AC72D96 = {isa = XCBuildConfiguration; buildSettings = {PRODUCT_BUNDLE_IDENTIFIER = "com.yocruzer.householdos.foundationvalidation";PRODUCT_NAME = "FoundationValidation";INFOPLIST_FILE = "App/Info.plist";TARGETED_DEVICE_FAMILY = "1,2";CODE_SIGN_STYLE = "Manual";GENERATE_INFOPLIST_FILE = "NO";SUPPORTED_PLATFORMS = "iphoneos iphonesimulator";SWIFT_EMIT_LOC_STRINGS = "NO";}; name = Release; };
4BF34093AEFA68795DFBCC0D = {isa = XCConfigurationList; buildConfigurations = (6C7EFF6369083C8E1F2B1994,DD75E2CB1C510A828AC72D96,); defaultConfigurationIsVisible = 0; defaultConfigurationName = Debug; };
}; rootObject = 244210E48437B6556980A702; }
